
Microsoft Visual Studio Solution File, Format Version 12.00
# Visual Studio Version 17
VisualStudioVersion = 17.6.33723.286
MinimumVisualStudioVersion = 10.0.40219.1
Project("{FAE04EC0-301F-11D3-BF4B-00C04F79EFBC}") = "PrintNumbers", "PrintNumbers\PrintNumbers.csproj", "{B28C5C57-1239-46BB-BD7F-25B301FB6EA1}"
EndProject
Global
	GlobalSection(SolutionConfigurationPlatforms) = preSolution
		Debug|Any CPU = Debug|Any CPU
		Release|Any CPU = Release|Any CPU
	EndGlobalSection
	GlobalSection(ProjectConfigurationPlatforms) = postSolution
		{B28C5C57-1239-46BB-BD7F-25B301FB6EA1}.Debug|Any CPU.ActiveCfg = Debug|Any CPU
		{B28C5C57-1239-46BB-BD7F-25B301FB6EA1}.Debug|Any CPU.Build.0 = Debug|Any CPU
		{B28C5C57-1239-46BB-BD7F-25B301FB6EA1}.Release|Any CPU.ActiveCfg = Release|Any CPU
		{B28C5C57-1239-46BB-BD7F-25B301FB6EA1}.Release|Any CPU.Build.0 = Release|Any CPU
	EndGlobalSection
	GlobalSection(SolutionProperties) = preSolution
		HideSolutionNode = FALSE
	EndGlobalSection
	GlobalSection(ExtensibilityGlobals) = postSolution
		SolutionGuid = {DA2930FB-267F-4192-9A89-81271B4FE3CD}
	EndGlobalSection
EndGlobal
